#MicroXplorer Configuration settings - do not modify
Dma.LPUART1_RX.0.Channel_PRIV_NPRIV=DMA_CHANNEL_NPRIV_DISABLE
Dma.LPUART1_RX.0.Direction=DMA_PERIPH_TO_MEMORY
Dma.LPUART1_RX.0.EventEnable=DISABLE
Dma.LPUART1_RX.0.Instance=DMA1_Channel6
Dma.LPUART1_RX.0.MemDataAlignment=DMA_MDATAALIGN_BYTE
Dma.LPUART1_RX.0.MemInc=DMA_MINC_ENABLE
Dma.LPUART1_RX.0.Mode=DMA_CIRCULAR
Dma.LPUART1_RX.0.PeriphDataAlignment=DMA_PDATAALIGN_BYTE
Dma.LPUART1_RX.0.PeriphInc=DMA_PINC_DISABLE
Dma.LPUART1_RX.0.Polarity=HAL_DMAMUX_REQ_GEN_RISING
Dma.LPUART1_RX.0.Priority=DMA_PRIORITY_LOW
Dma.LPUART1_RX.0.RequestNumber=1
Dma.LPUART1_RX.0.RequestParameters=Instance,Direction,PeriphInc,MemInc,PeriphDataAlignment,MemDataAlignment,Mode,Priority,SignalID,Polarity,RequestNumber,SyncSignalID,SyncPolarity,SyncEnable,EventEnable,SyncRequestNumber,Channel_PRIV_NPRIV
Dma.LPUART1_RX.0.SignalID=NONE
Dma.LPUART1_RX.0.SyncEnable=DISABLE
Dma.LPUART1_RX.0.SyncPolarity=HAL_DMAMUX_SYNC_NO_EVENT
Dma.LPUART1_RX.0.SyncRequestNumber=1
Dma.LPUART1_RX.0.SyncSignalID=NONE
Dma.Request0=LPUART1_RX
Dma.RequestsNb=1
File.Version=6
GPIO.groupedBy=Group By Peripherals
KeepUserPlacement=false
LPUART1.BaudRate=921600
LPUART1.IPParameters=BaudRate
Mcu.CPN=STM32WL55JCI6
Mcu.ContextProject=MonoOnDualCore
Mcu.Family=STM32WL
Mcu.IP0=CRC
Mcu.IP1=DEBUG
Mcu.IP10=TIM2
Mcu.IP11=USART1
Mcu.IP2=DMA
Mcu.IP3=I2C2
Mcu.IP4=LPUART1
Mcu.IP5=NVIC
Mcu.IP6=RCC
Mcu.IP7=RTC
Mcu.IP8=SYS
Mcu.IP9=TIM1
Mcu.IPNb=12
Mcu.Name=STM32WL55JCIx
Mcu.Package=UFBGA73
Mcu.Pin0=PA14
Mcu.Pin1=PA12
Mcu.Pin10=PA0
Mcu.Pin11=PB13
Mcu.Pin12=PC5
Mcu.Pin13=PA9
Mcu.Pin14=PB12
Mcu.Pin15=PB1
Mcu.Pin16=PC0
Mcu.Pin17=PC4
Mcu.Pin18=PB0-VDD_TCXO
Mcu.Pin19=PC6
Mcu.Pin2=PB15
Mcu.Pin20=PB11
Mcu.Pin21=OSC_IN
Mcu.Pin22=PA3
Mcu.Pin23=PA2
Mcu.Pin24=PA5
Mcu.Pin25=VP_CRC_VS_CRC
Mcu.Pin26=VP_RTC_VS_RTC_Activate
Mcu.Pin27=VP_RTC_VS_RTC_Calendar
Mcu.Pin28=VP_SYS_VS_Systick
Mcu.Pin29=VP_TIM1_VS_ClockSourceINT
Mcu.Pin3=PC14-OSC32_IN
Mcu.Pin30=VP_TIM2_VS_ClockSourceINT
Mcu.Pin31=VP_STMicroelectronics.X-CUBE-MEMS1_VS_BoardOoPartJjAccGyr_5.4.0_9.3.0
Mcu.Pin32=VP_STMicroelectronics.X-CUBE-MEMS1_VS_BoardOoSupportJjCustom_9.3.0_9.3.0
Mcu.Pin33=VP_STMicroelectronics.X-CUBE-MEMS1_VS_SensorsJjSTM32IiMotionFXIiLibrary_2.6.1_9.3.0
Mcu.Pin34=VP_STMicroelectronics.X-CUBE-MEMS1_VS_SensorsJjSTM32IiMotionACIiLibrary_2.6.1_9.3.0
Mcu.Pin35=VP_STMicroelectronics.X-CUBE-MEMS1_VS_DeviceJjMEMS1IiApplications_9.3.0_9.3.0
Mcu.Pin4=PA13
Mcu.Pin5=PA11
Mcu.Pin6=PB9
Mcu.Pin7=PC15-OSC32_OUT
Mcu.Pin8=PA10
Mcu.Pin9=PC3
Mcu.PinsNb=36
Mcu.ThirdParty0=STMicroelectronics.X-CUBE-MEMS1.9.3.0
Mcu.ThirdPartyNb=1
Mcu.UserConstants=
Mcu.UserName=STM32WL55JCIx
MxCube.Version=6.6.0
MxDb.Version=DB.6.0.60
NVIC.BusFault_IRQn=true\:0\:0\:false\:false\:true\:false\:false\:false
NVIC.DMA1_Channel6_IRQn=true\:0\:0\:false\:false\:true\:false\:true\:true
NVIC.DebugMonitor_IRQn=true\:0\:0\:false\:false\:true\:false\:false\:false
NVIC.EXTI1_IRQn=true\:0\:0\:false\:false\:true\:true\:true\:true
NVIC.EXTI9_5_IRQn=true\:0\:0\:false\:false\:true\:true\:true\:true
NVIC.ForceEnableDMAVector=true
NVIC.HardFault_IRQn=true\:0\:0\:false\:false\:true\:false\:false\:false
NVIC.MemoryManagement_IRQn=true\:0\:0\:false\:false\:true\:false\:false\:false
NVIC.NonMaskableInt_IRQn=true\:0\:0\:false\:false\:true\:false\:false\:false
NVIC.PendSV_IRQn=true\:0\:0\:false\:false\:true\:false\:false\:false
NVIC.PriorityGroup=NVIC_PRIORITYGROUP_4
NVIC.SVCall_IRQn=true\:0\:0\:false\:false\:true\:false\:false\:false
NVIC.SysTick_IRQn=true\:0\:0\:false\:false\:true\:false\:true\:false
NVIC.TIM2_IRQn=true\:0\:0\:false\:false\:true\:true\:true\:true
NVIC.UsageFault_IRQn=true\:0\:0\:false\:false\:true\:false\:false\:false
OSC_IN.Mode=HSE-TCXO
OSC_IN.Signal=RCC_OSC_IN
PA0.Locked=true
PA0.Signal=GPXTI0
PA10.Locked=true
PA10.Mode=Asynchronous
PA10.Signal=USART1_RX
PA11.GPIOParameters=GPIO_Speed
PA11.GPIO_Speed=GPIO_SPEED_FREQ_VERY_HIGH
PA11.Locked=true
PA11.Mode=I2C
PA11.Signal=I2C2_SDA
PA12.GPIOParameters=GPIO_Speed
PA12.GPIO_Speed=GPIO_SPEED_FREQ_VERY_HIGH
PA12.Mode=I2C
PA12.Signal=I2C2_SCL
PA13.Mode=Serial_Wire
PA13.Signal=DEBUG_JTMS-SWDIO
PA14.Mode=Serial_Wire
PA14.Signal=DEBUG_JTCK-SWCLK
PA2.Locked=true
PA2.Mode=Asynchronous
PA2.Signal=LPUART1_TX
PA3.Locked=true
PA3.Mode=Asynchronous
PA3.Signal=LPUART1_RX
PA5.Locked=true
PA5.Signal=S_TIM2_ETR
PA9.Locked=true
PA9.Mode=Asynchronous
PA9.Signal=USART1_TX
PB0-VDD_TCXO.Mode=HSE-TCXO
PB0-VDD_TCXO.Signal=VDDTCXO
PB1.Locked=true
PB1.Signal=GPXTI1
PB11.GPIOParameters=GPIO_Speed,GPIO_Label
PB11.GPIO_Label=LED3
PB11.GPIO_Speed=GPIO_SPEED_FREQ_HIGH
PB11.Locked=true
PB11.Signal=GPIO_Output
PB12.Locked=true
PB12.Mode=CTS_RTS
PB12.Signal=LPUART1_RTS
PB13.Locked=true
PB13.Mode=CTS_RTS
PB13.Signal=LPUART1_CTS
PB15.GPIOParameters=GPIO_Speed,GPIO_Label
PB15.GPIO_Label=LED1
PB15.GPIO_Speed=GPIO_SPEED_FREQ_HIGH
PB15.Locked=true
PB15.Signal=GPIO_Output
PB9.GPIOParameters=GPIO_Speed,GPIO_Label,GPIO_FM9
PB9.GPIO_FM9=__NULL
PB9.GPIO_Label=LED2
PB9.GPIO_Speed=GPIO_SPEED_FREQ_HIGH
PB9.Locked=true
PB9.Signal=GPIO_Output
PC0.Locked=true
PC0.Signal=GPIO_Input
PC14-OSC32_IN.Locked=true
PC14-OSC32_IN.Mode=LSE-External-Oscillator
PC14-OSC32_IN.Signal=RCC_OSC32_IN
PC15-OSC32_OUT.Locked=true
PC15-OSC32_OUT.Mode=LSE-External-Oscillator
PC15-OSC32_OUT.Signal=RCC_OSC32_OUT
PC3.GPIOParameters=GPIO_Speed,GPIO_Label
PC3.GPIO_Label=FE_CTRL3
PC3.GPIO_Speed=GPIO_SPEED_FREQ_VERY_HIGH
PC3.Locked=true
PC3.Signal=GPIO_Output
PC4.GPIOParameters=GPIO_Speed,GPIO_Label
PC4.GPIO_Label=FE_CTRL1
PC4.GPIO_Speed=GPIO_SPEED_FREQ_VERY_HIGH
PC4.Locked=true
PC4.Signal=GPIO_Output
PC5.GPIOParameters=GPIO_Speed,GPIO_Label
PC5.GPIO_Label=FE_CTRL2
PC5.GPIO_Speed=GPIO_SPEED_FREQ_VERY_HIGH
PC5.Locked=true
PC5.Signal=GPIO_Output
PC6.GPIOParameters=GPIO_PuPd,GPIO_Label,GPIO_ModeDefaultEXTI
PC6.GPIO_Label=B3
PC6.GPIO_ModeDefaultEXTI=GPIO_MODE_IT_FALLING
PC6.GPIO_PuPd=GPIO_PULLUP
PC6.Locked=true
PC6.Signal=GPXTI6
PCC.SUBGHZ.FrequencyBand=High
PCC.SUBGHZ.Modulation=FSK
PCC.SUBGHZ.OptionalSettings=false
PCC.SUBGHZ.Output.Power=14
PCC.SUBGHZ.PowerAmplifier=Low Power
PCC.SUBGHZ.RxBoosted=false
PCC.SUBGHZ.SMPS=Off
PinOutPanel.CurrentBGAView=Top
PinOutPanel.RotationAngle=0
ProjectManager.AskForMigrate=true
ProjectManager.BackupPrevious=false
ProjectManager.CompilerOptimize=6
ProjectManager.ComputerToolchain=false
ProjectManager.CoupleFile=false
ProjectManager.CustomerFirmwarePackage=
ProjectManager.DefaultFWLocation=true
ProjectManager.DeletePrevious=true
ProjectManager.DeviceId=STM32WL55JCIx
ProjectManager.FirmwarePackage=STM32Cube FW_WL V1.2.0
ProjectManager.FreePins=false
ProjectManager.HalAssertFull=false
ProjectManager.HeapSize=0x200
ProjectManager.KeepUserCode=true
ProjectManager.LastFirmware=true
ProjectManager.LibraryCopy=1
ProjectManager.MainLocation=Core/Src
ProjectManager.NoMain=false
ProjectManager.PreviousToolchain=STM32CubeIDE
ProjectManager.ProjectBuild=false
ProjectManager.ProjectFileName=SHUBv3_MLC_DataLogFusion.ioc
ProjectManager.ProjectName=SHUBv3_MLC_DataLogFusion
ProjectManager.RegisterCallBack=
ProjectManager.StackSize=0x800
ProjectManager.TargetToolchain=STM32CubeIDE
ProjectManager.ToolChainLocation=
ProjectManager.UnderRoot=true
ProjectManager.functionlistsort=1-SystemClock_Config-RCC-false-HAL-false,2-MX_GPIO_Init-GPIO-false-HAL-true,3-MX_DMA_Init-DMA-false-HAL-true,4-MX_RTC_Init-RTC-false-HAL-true,5-MX_TIM1_Init-TIM1-false-HAL-true,6-MX_TIM2_Init-TIM2-true-HAL-false,7-MX_CRC_Init-CRC-false-HAL-true,8-MX_USART1_UART_Init-USART1-false-HAL-true,9-MX_MEMS_Init-STMicroelectronics.X-CUBE-MEMS1.9.3.0-false-HAL-false,10-MX_MEMS_Process-STMicroelectronics.X-CUBE-MEMS1.9.3.0-false-HAL-false
RCC.FamilyName=M
RCC.HCLK2Freq_Value=4000000
RCC.HSE_VALUE=32000000
RCC.HSI_VALUE=16000000
RCC.I2S2Freq_Value=16000000
RCC.IPParameters=FamilyName,HCLK2Freq_Value,HSE_VALUE,HSI_VALUE,I2S2Freq_Value,LSCOPinFreq_Value,LSE_VALUE,PLLPoutputFreq_Value,PLLQoutputFreq_Value,PLLRCLKFreq_Value,RNGFreq_Value,VCOInputFreq_Value,VCOOutputFreq_Value
RCC.LSCOPinFreq_Value=32000
RCC.LSE_VALUE=32768
RCC.PLLPoutputFreq_Value=16000000
RCC.PLLQoutputFreq_Value=16000000
RCC.PLLRCLKFreq_Value=16000000
RCC.RNGFreq_Value=32000
RCC.VCOInputFreq_Value=4000000
RCC.VCOOutputFreq_Value=32000000
SH.GPXTI0.0=GPIO_EXTI0
SH.GPXTI0.ConfNb=1
SH.GPXTI1.0=GPIO_EXTI1
SH.GPXTI1.ConfNb=1
SH.GPXTI6.0=GPIO_EXTI6
SH.GPXTI6.ConfNb=1
SH.S_TIM2_ETR.0=TIM2_ETR
SH.S_TIM2_ETR.ConfNb=1
STMicroelectronics.X-CUBE-MEMS1.9.3.0.BSP.number=6
STMicroelectronics.X-CUBE-MEMS1.9.3.0.BoardOoPartJjAccGyrJjLSM6DSOX=I2C
STMicroelectronics.X-CUBE-MEMS1.9.3.0.BoardOoPartJjAccGyr_Checked=true
STMicroelectronics.X-CUBE-MEMS1.9.3.0.BoardOoSupportJjCustomJjMOTIONIiSENSOR=true
STMicroelectronics.X-CUBE-MEMS1.9.3.0.BoardOoSupportJjCustom_Checked=true
STMicroelectronics.X-CUBE-MEMS1.9.3.0.DeviceJjMEMS1IiApplications_Checked=true
STMicroelectronics.X-CUBE-MEMS1.9.3.0.IPParameters=LSM6DSOX_SA0,BoardOoSupportJjCustomJjMOTIONIiSENSOR,SensorsJjSTM32IiMotionFXIiLibraryJjCore,SensorsJjSTM32IiMotionACIiLibraryJjCore,BoardOoPartJjAccGyrJjLSM6DSOX,MEMS1IiApplicationsCcDeviceJjApplication
STMicroelectronics.X-CUBE-MEMS1.9.3.0.LSM6DSOX_SA0=GND
STMicroelectronics.X-CUBE-MEMS1.9.3.0.MEMS1IiApplicationsCcDeviceJjApplication=CUSTOMIiDataLogFusion
STMicroelectronics.X-CUBE-MEMS1.9.3.0.SensorsJjSTM32IiMotionACIiLibraryJjCore=true
STMicroelectronics.X-CUBE-MEMS1.9.3.0.SensorsJjSTM32IiMotionACIiLibrary_Checked=true
STMicroelectronics.X-CUBE-MEMS1.9.3.0.SensorsJjSTM32IiMotionFXIiLibraryJjCore=true
STMicroelectronics.X-CUBE-MEMS1.9.3.0.SensorsJjSTM32IiMotionFXIiLibrary_Checked=true
STMicroelectronics.X-CUBE-MEMS1.9.3.00.BSP.STBoard=false
STMicroelectronics.X-CUBE-MEMS1.9.3.00.BSP.api=Unknown
STMicroelectronics.X-CUBE-MEMS1.9.3.00.BSP.component=
STMicroelectronics.X-CUBE-MEMS1.9.3.00.BSP.condition=SEMMEMS1IiApplicationsCcDeviceJjApplicationJjIKS01A3IiIntensityDetection | SEMMEMS1IiApplicationsCcDeviceJjApplicationJjIKS01A2IiIntensityDetection | SEMMEMS1IiApplicationsCcDeviceJjApplicationJjCUSTOMIiIntensityDetection | SEMMEMS1IiApplicationsCcDeviceJjApplicationJjIKS01A3IiDataLogFusion | SEMMEMS1IiApplicationsCcDeviceJjApplicationJjIKS01A2IiDataLogFusion | SEMMEMS1IiApplicationsCcDeviceJjApplicationJjIKS02A1IiDataLogFusion | SEMMEMS1IiApplicationsCcDeviceJjApplicationJjCUSTOMIiDataLogFusion | SEMMEMS1IiApplicationsCcDeviceJjApplicationJjIKS01A3IiGyroscopeCalibration | SEMMEMS1IiApplicationsCcDeviceJjApplicationJjIKS01A2IiGyroscopeCalibration | SEMMEMS1IiApplicationsCcDeviceJjApplicationJjIKS02A1IiGyroscopeCalibration | SEMMEMS1IiApplicationsCcDeviceJjApplicationJjCUSTOMIiGyroscopeCalibration | SEMMEMS1IiApplicationsCcDeviceJjApplicationJjIKS01A3IiAccelerometerCalibration | SEMMEMS1IiApplicationsCcDeviceJjApplicationJjIKS01A2IiAccelerometerCalibration | SEMMEMS1IiApplicationsCcDeviceJjApplicationJjIKS02A1IiAccelerometerCalibration | SEMMEMS1IiApplicationsCcDeviceJjApplicationJjCUSTOMIiAccelerometerCalibration | SEMMEMS1IiApplicationsCcDeviceJjApplicationJjIKS01A3IiMagnetometerCalibration | SEMMEMS1IiApplicationsCcDeviceJjApplicationJjIKS01A2IiMagnetometerCalibration | SEMMEMS1IiApplicationsCcDeviceJjApplicationJjIKS02A1IiMagnetometerCalibration | SEMMEMS1IiApplicationsCcDeviceJjApplicationJjCUSTOMIiMagnetometerCalibration | SEMMEMS1IiApplicationsCcDeviceJjApplicationJjIKS01A3IiTiltSensing | SEMMEMS1IiApplicationsCcDeviceJjApplicationJjIKS01A2IiTiltSensing | SEMMEMS1IiApplicationsCcDeviceJjApplicationJjIKS02A1IiTiltSensing | SEMMEMS1IiApplicationsCcDeviceJjApplicationJjCUSTOMIiTiltSensing | SEMMEMS1IiApplicationsCcDeviceJjApplicationJjIKS01A3IiVerticalContext | SEMMEMS1IiApplicationsCcDeviceJjApplicationJjIKS01A2IiVerticalContext | SEMMEMS1IiApplicationsCcDeviceJjApplicationJjCUSTOMIiVerticalContext | SEMMEMS1IiApplicationsCcDeviceJjApplicationJjIKS01A3IiCarryPosition | SEMMEMS1IiApplicationsCcDeviceJjApplicationJjIKS01A2IiCarryPosition | SEMMEMS1IiApplicationsCcDeviceJjApplicationJjCUSTOMIiCarryPosition | SEMMEMS1IiApplicationsCcDeviceJjApplicationJjIKS01A3IiECompass | SEMMEMS1IiApplicationsCcDeviceJjApplicationJjIKS01A2IiECompass | SEMMEMS1IiApplicationsCcDeviceJjApplicationJjIKS02A1IiECompass | SEMMEMS1IiApplicationsCcDeviceJjApplicationJjCUSTOMIiECompass | SEMMEMS1IiApplicationsCcDeviceJjApplicationJjIKS01A3IiGestureRecognition | SEMMEMS1IiApplicationsCcDeviceJjApplicationJjIKS01A2IiGestureRecognition | SEMMEMS1IiApplicationsCcDeviceJjApplicationJjCUSTOMIiGestureRecognition | SEMMEMS1IiApplicationsCcDeviceJjApplicationJjIKS01A3IiDynamicInclinometer | SEMMEMS1IiApplicationsCcDeviceJjApplicationJjIKS01A2IiDynamicInclinometer | SEMMEMS1IiApplicationsCcDeviceJjApplicationJjIKS02A1IiDynamicInclinometer | SEMMEMS1IiApplicationsCcDeviceJjApplicationJjCUSTOMIiDynamicInclinometer | SEMMEMS1IiApplicationsCcDeviceJjApplicationJjIKS01A3IiAirplaneDetection | SEMMEMS1IiApplicationsCcDeviceJjApplicationJjIKS01A2IiAirplaneDetection | SEMMEMS1IiApplicationsCcDeviceJjApplicationJjCUSTOMIiAirplaneDetection | SEMMEMS1IiApplicationsCcDeviceJjApplicationJjIKS01A3IiActiveTime | SEMMEMS1IiApplicationsCcDeviceJjApplicationJjIKS01A2IiActiveTime | SEMMEMS1IiApplicationsCcDeviceJjApplicationJjCUSTOMIiActiveTime | SEMMEMS1IiApplicationsCcDeviceJjApplicationJjIKS01A3IiActivityRecognition | SEMMEMS1IiApplicationsCcDeviceJjApplicationJjIKS01A2IiActivityRecognition | SEMMEMS1IiApplicationsCcDeviceJjApplicationJjCUSTOMIiActivityRecognition | SEMMEMS1IiApplicationsCcDeviceJjApplicationJjIKS01A3IiActivityRecognitionWrist | SEMMEMS1IiApplicationsCcDeviceJjApplicationJjIKS01A2IiActivityRecognitionWrist | SEMMEMS1IiApplicationsCcDeviceJjApplicationJjCUSTOMIiActivityRecognitionWrist | SEMMEMS1IiApplicationsCcDeviceJjApplicationJjIKS01A3IiFallDetection | SEMMEMS1IiApplicationsCcDeviceJjApplicationJjIKS01A2IiFallDetection | SEMMEMS1IiApplicationsCcDeviceJjApplicationJjCUSTOMIiFallDetection | SEMMEMS1IiApplicationsCcDeviceJjApplicationJjIKS01A3IiFitnessActivities | SEMMEMS1IiApplicationsCcDeviceJjApplicationJjIKS01A2IiFitnessActivities | SEMMEMS1IiApplicationsCcDeviceJjApplicationJjCUSTOMIiFitnessActivities | SEMMEMS1IiApplicationsCcDeviceJjApplicationJjIKS01A3IiPedometer | SEMMEMS1IiApplicationsCcDeviceJjApplicationJjIKS01A2IiPedometer | SEMMEMS1IiApplicationsCcDeviceJjApplicationJjCUSTOMIiPedometer | SEMMEMS1IiApplicationsCcDeviceJjApplicationJjIKS01A3IiPedometerWrist | SEMMEMS1IiApplicationsCcDeviceJjApplicationJjIKS01A2IiPedometerWrist | SEMMEMS1IiApplicationsCcDeviceJjApplicationJjCUSTOMIiPedometerWrist | SEMMEMS1IiApplicationsCcDeviceJjApplicationJjIKS01A3IiPoseEstimation | SEMMEMS1IiApplicationsCcDeviceJjApplicationJjIKS01A2IiPoseEstimation | SEMMEMS1IiApplicationsCcDeviceJjApplicationJjCUSTOMIiPoseEstimation | SEMMEMS1IiApplicationsCcDeviceJjApplicationJjIKS01A3IiStandingSittingDesk | SEMMEMS1IiApplicationsCcDeviceJjApplicationJjIKS01A2IiStandingSittingDesk | SEMMEMS1IiApplicationsCcDeviceJjApplicationJjCUSTOMIiStandingSittingDesk | SEMMEMS1IiApplicationsCcDeviceJjApplicationJjAccelCalibration2IiIIS2ICLX | SEMMEMS1IiApplicationsCcDeviceJjApplicationJjTiltSensing2IiIIS2ICLX
STMicroelectronics.X-CUBE-MEMS1.9.3.00.BSP.instance=TIM2
STMicroelectronics.X-CUBE-MEMS1.9.3.00.BSP.ip=TIM.*
STMicroelectronics.X-CUBE-MEMS1.9.3.00.BSP.mode=Internal Clock
STMicroelectronics.X-CUBE-MEMS1.9.3.00.BSP.name=TIMER
STMicroelectronics.X-CUBE-MEMS1.9.3.00.BSP.semaphore=
STMicroelectronics.X-CUBE-MEMS1.9.3.00.BSP.solution=TIM2
STMicroelectronics.X-CUBE-MEMS1.9.3.01.BSP.STBoard=false
STMicroelectronics.X-CUBE-MEMS1.9.3.01.BSP.api=Unknown
STMicroelectronics.X-CUBE-MEMS1.9.3.01.BSP.component=
STMicroelectronics.X-CUBE-MEMS1.9.3.01.BSP.condition=SEMMEMS1IiApplicationsCcDeviceJjApplicationJjCUSTOMIiIntensityDetection | SEMMEMS1IiApplicationsCcDeviceJjApplicationJjCUSTOMIiDataLogFusion | SEMMEMS1IiApplicationsCcDeviceJjApplicationJjCUSTOMIiGyroscopeCalibration | SEMMEMS1IiApplicationsCcDeviceJjApplicationJjCUSTOMIiAccelerometerCalibration | SEMMEMS1IiApplicationsCcDeviceJjApplicationJjCUSTOMIiMagnetometerCalibration | SEMMEMS1IiApplicationsCcDeviceJjApplicationJjCUSTOMIiTiltSensing | SEMMEMS1IiApplicationsCcDeviceJjApplicationJjCUSTOMIiVerticalContext | SEMMEMS1IiApplicationsCcDeviceJjApplicationJjCUSTOMIiCarryPosition | SEMMEMS1IiApplicationsCcDeviceJjApplicationJjCUSTOMIiECompass | SEMMEMS1IiApplicationsCcDeviceJjApplicationJjCUSTOMIiGestureRecognition | SEMMEMS1IiApplicationsCcDeviceJjApplicationJjCUSTOMIiDynamicInclinometer | SEMMEMS1IiApplicationsCcDeviceJjApplicationJjCUSTOMIiAirplaneDetection | SEMMEMS1IiApplicationsCcDeviceJjApplicationJjCUSTOMIiActiveTime | SEMMEMS1IiApplicationsCcDeviceJjApplicationJjCUSTOMIiActivityRecognition | SEMMEMS1IiApplicationsCcDeviceJjApplicationJjCUSTOMIiActivityRecognitionWrist | SEMMEMS1IiApplicationsCcDeviceJjApplicationJjCUSTOMIiFallDetection | SEMMEMS1IiApplicationsCcDeviceJjApplicationJjCUSTOMIiFitnessActivities | SEMMEMS1IiApplicationsCcDeviceJjApplicationJjCUSTOMIiPedometer | SEMMEMS1IiApplicationsCcDeviceJjApplicationJjCUSTOMIiPedometerWrist | SEMMEMS1IiApplicationsCcDeviceJjApplicationJjCUSTOMIiPoseEstimation | SEMMEMS1IiApplicationsCcDeviceJjApplicationJjCUSTOMIiStandingSittingDesk | SEMMEMS1IiApplicationsCcDeviceJjApplicationJjAccelCalibration2IiIIS2ICLX | SEMMEMS1IiApplicationsCcDeviceJjApplicationJjTiltSensing2IiIIS2ICLX
STMicroelectronics.X-CUBE-MEMS1.9.3.01.BSP.instance=PC0
STMicroelectronics.X-CUBE-MEMS1.9.3.01.BSP.ip=GPIO
STMicroelectronics.X-CUBE-MEMS1.9.3.01.BSP.mode=Input
STMicroelectronics.X-CUBE-MEMS1.9.3.01.BSP.name=MEMS INT1
STMicroelectronics.X-CUBE-MEMS1.9.3.01.BSP.semaphore=
STMicroelectronics.X-CUBE-MEMS1.9.3.01.BSP.solution=PC0
STMicroelectronics.X-CUBE-MEMS1.9.3.02.BSP.STBoard=false
STMicroelectronics.X-CUBE-MEMS1.9.3.02.BSP.api=BSP_COMMON_DRIVER
STMicroelectronics.X-CUBE-MEMS1.9.3.02.BSP.component=
STMicroelectronics.X-CUBE-MEMS1.9.3.02.BSP.condition=\!(SEMMEMS1IiApplicationsCcDeviceJjApplicationJjIKS01A3IiIntensityDetection | SEMMEMS1IiApplicationsCcDeviceJjApplicationJjIKS01A2IiIntensityDetection | SEMMEMS1IiApplicationsCcDeviceJjApplicationJjCUSTOMIiIntensityDetection | SEMMEMS1IiApplicationsCcDeviceJjApplicationJjIKS01A3IiGyroscopeCalibration | SEMMEMS1IiApplicationsCcDeviceJjApplicationJjIKS01A2IiGyroscopeCalibration | SEMMEMS1IiApplicationsCcDeviceJjApplicationJjIKS02A1IiGyroscopeCalibration | SEMMEMS1IiApplicationsCcDeviceJjApplicationJjCUSTOMIiGyroscopeCalibration | SEMMEMS1IiApplicationsCcDeviceJjApplicationJjIKS01A3IiAccelerometerCalibration | SEMMEMS1IiApplicationsCcDeviceJjApplicationJjIKS01A2IiAccelerometerCalibration | SEMMEMS1IiApplicationsCcDeviceJjApplicationJjIKS02A1IiAccelerometerCalibration | SEMMEMS1IiApplicationsCcDeviceJjApplicationJjCUSTOMIiAccelerometerCalibration | SEMMEMS1IiApplicationsCcDeviceJjApplicationJjIKS01A3IiMagnetometerCalibration | SEMMEMS1IiApplicationsCcDeviceJjApplicationJjIKS01A2IiMagnetometerCalibration | SEMMEMS1IiApplicationsCcDeviceJjApplicationJjIKS02A1IiMagnetometerCalibration | SEMMEMS1IiApplicationsCcDeviceJjApplicationJjCUSTOMIiMagnetometerCalibration | SEMMEMS1IiApplicationsCcDeviceJjApplicationJjIKS01A3IiTiltSensing | SEMMEMS1IiApplicationsCcDeviceJjApplicationJjIKS01A2IiTiltSensing | SEMMEMS1IiApplicationsCcDeviceJjApplicationJjIKS02A1IiTiltSensing | SEMMEMS1IiApplicationsCcDeviceJjApplicationJjCUSTOMIiTiltSensing | SEMMEMS1IiApplicationsCcDeviceJjApplicationJjIKS01A3IiVerticalContext | SEMMEMS1IiApplicationsCcDeviceJjApplicationJjIKS01A2IiVerticalContext | SEMMEMS1IiApplicationsCcDeviceJjApplicationJjCUSTOMIiVerticalContext | SEMMEMS1IiApplicationsCcDeviceJjApplicationJjIKS01A3IiCarryPosition | SEMMEMS1IiApplicationsCcDeviceJjApplicationJjIKS01A2IiCarryPosition | SEMMEMS1IiApplicationsCcDeviceJjApplicationJjCUSTOMIiCarryPosition | SEMMEMS1IiApplicationsCcDeviceJjApplicationJjIKS01A3IiECompass | SEMMEMS1IiApplicationsCcDeviceJjApplicationJjIKS01A2IiECompass | SEMMEMS1IiApplicationsCcDeviceJjApplicationJjIKS02A1IiECompass | SEMMEMS1IiApplicationsCcDeviceJjApplicationJjCUSTOMIiECompass | SEMMEMS1IiApplicationsCcDeviceJjApplicationJjIKS01A3IiGestureRecognition | SEMMEMS1IiApplicationsCcDeviceJjApplicationJjIKS01A2IiGestureRecognition | SEMMEMS1IiApplicationsCcDeviceJjApplicationJjCUSTOMIiGestureRecognition | SEMMEMS1IiApplicationsCcDeviceJjApplicationJjIKS01A3IiDynamicInclinometer | SEMMEMS1IiApplicationsCcDeviceJjApplicationJjIKS01A2IiDynamicInclinometer | SEMMEMS1IiApplicationsCcDeviceJjApplicationJjIKS02A1IiDynamicInclinometer | SEMMEMS1IiApplicationsCcDeviceJjApplicationJjCUSTOMIiDynamicInclinometer | SEMMEMS1IiApplicationsCcDeviceJjApplicationJjIKS01A3IiAirplaneDetection | SEMMEMS1IiApplicationsCcDeviceJjApplicationJjIKS01A2IiAirplaneDetection | SEMMEMS1IiApplicationsCcDeviceJjApplicationJjCUSTOMIiAirplaneDetection | SEMMEMS1IiApplicationsCcDeviceJjApplicationJjIKS01A3IiActiveTime | SEMMEMS1IiApplicationsCcDeviceJjApplicationJjIKS01A2IiActiveTime | SEMMEMS1IiApplicationsCcDeviceJjApplicationJjCUSTOMIiActiveTime | SEMMEMS1IiApplicationsCcDeviceJjApplicationJjIKS01A3IiActivityRecognition | SEMMEMS1IiApplicationsCcDeviceJjApplicationJjIKS01A2IiActivityRecognition | SEMMEMS1IiApplicationsCcDeviceJjApplicationJjCUSTOMIiActivityRecognition | SEMMEMS1IiApplicationsCcDeviceJjApplicationJjIKS01A3IiActivityRecognitionWrist | SEMMEMS1IiApplicationsCcDeviceJjApplicationJjIKS01A2IiActivityRecognitionWrist | SEMMEMS1IiApplicationsCcDeviceJjApplicationJjCUSTOMIiActivityRecognitionWrist | SEMMEMS1IiApplicationsCcDeviceJjApplicationJjIKS01A3IiFallDetection | SEMMEMS1IiApplicationsCcDeviceJjApplicationJjIKS01A2IiFallDetection | SEMMEMS1IiApplicationsCcDeviceJjApplicationJjCUSTOMIiFallDetection | SEMMEMS1IiApplicationsCcDeviceJjApplicationJjIKS01A3IiFitnessActivities | SEMMEMS1IiApplicationsCcDeviceJjApplicationJjIKS01A2IiFitnessActivities | SEMMEMS1IiApplicationsCcDeviceJjApplicationJjCUSTOMIiFitnessActivities | SEMMEMS1IiApplicationsCcDeviceJjApplicationJjIKS01A3IiPedometer | SEMMEMS1IiApplicationsCcDeviceJjApplicationJjIKS01A2IiPedometer | SEMMEMS1IiApplicationsCcDeviceJjApplicationJjCUSTOMIiPedometer | SEMMEMS1IiApplicationsCcDeviceJjApplicationJjIKS01A3IiPedometerWrist | SEMMEMS1IiApplicationsCcDeviceJjApplicationJjIKS01A2IiPedometerWrist | SEMMEMS1IiApplicationsCcDeviceJjApplicationJjCUSTOMIiPedometerWrist | SEMMEMS1IiApplicationsCcDeviceJjApplicationJjIKS01A3IiPoseEstimation | SEMMEMS1IiApplicationsCcDeviceJjApplicationJjIKS01A2IiPoseEstimation | SEMMEMS1IiApplicationsCcDeviceJjApplicationJjCUSTOMIiPoseEstimation | SEMMEMS1IiApplicationsCcDeviceJjApplicationJjIKS01A3IiStandingSittingDesk | SEMMEMS1IiApplicationsCcDeviceJjApplicationJjIKS01A2IiStandingSittingDesk | SEMMEMS1IiApplicationsCcDeviceJjApplicationJjCUSTOMIiStandingSittingDesk | SEMMEMS1IiApplicationsCcDeviceJjApplicationJjAccelCalibration2IiIIS2ICLX | SEMMEMS1IiApplicationsCcDeviceJjApplicationJjTiltSensing2IiIIS2ICLX)
STMicroelectronics.X-CUBE-MEMS1.9.3.02.BSP.instance=PA0
STMicroelectronics.X-CUBE-MEMS1.9.3.02.BSP.ip=GPIO
STMicroelectronics.X-CUBE-MEMS1.9.3.02.BSP.mode=EXTI
STMicroelectronics.X-CUBE-MEMS1.9.3.02.BSP.name=BSP BUTTON
STMicroelectronics.X-CUBE-MEMS1.9.3.02.BSP.semaphore=
STMicroelectronics.X-CUBE-MEMS1.9.3.02.BSP.solution=PA0
STMicroelectronics.X-CUBE-MEMS1.9.3.03.BSP.STBoard=false
STMicroelectronics.X-CUBE-MEMS1.9.3.03.BSP.api=BSP_BUS_DRIVER
STMicroelectronics.X-CUBE-MEMS1.9.3.03.BSP.component=
STMicroelectronics.X-CUBE-MEMS1.9.3.03.BSP.condition=SEMBoardOoPartJjAccGyrJjLSM6DSOXJjI2C
STMicroelectronics.X-CUBE-MEMS1.9.3.03.BSP.instance=I2C2
STMicroelectronics.X-CUBE-MEMS1.9.3.03.BSP.ip=I2C
STMicroelectronics.X-CUBE-MEMS1.9.3.03.BSP.mode=I2C
STMicroelectronics.X-CUBE-MEMS1.9.3.03.BSP.name=LSM6DSOX BUS IO driver
STMicroelectronics.X-CUBE-MEMS1.9.3.03.BSP.semaphore=
STMicroelectronics.X-CUBE-MEMS1.9.3.03.BSP.solution=I2C2
STMicroelectronics.X-CUBE-MEMS1.9.3.04.BSP.STBoard=false
STMicroelectronics.X-CUBE-MEMS1.9.3.04.BSP.api=BSP_COMMON_DRIVER
STMicroelectronics.X-CUBE-MEMS1.9.3.04.BSP.component=
STMicroelectronics.X-CUBE-MEMS1.9.3.04.BSP.condition=
STMicroelectronics.X-CUBE-MEMS1.9.3.04.BSP.instance=LPUART1
STMicroelectronics.X-CUBE-MEMS1.9.3.04.BSP.ip=UART|USART|LPUART
STMicroelectronics.X-CUBE-MEMS1.9.3.04.BSP.mode=Asynchronous
STMicroelectronics.X-CUBE-MEMS1.9.3.04.BSP.name=BSP USART
STMicroelectronics.X-CUBE-MEMS1.9.3.04.BSP.semaphore=
STMicroelectronics.X-CUBE-MEMS1.9.3.04.BSP.solution=LPUART1
STMicroelectronics.X-CUBE-MEMS1.9.3.05.BSP.STBoard=false
STMicroelectronics.X-CUBE-MEMS1.9.3.05.BSP.api=BSP_COMMON_DRIVER
STMicroelectronics.X-CUBE-MEMS1.9.3.05.BSP.component=
STMicroelectronics.X-CUBE-MEMS1.9.3.05.BSP.condition=
STMicroelectronics.X-CUBE-MEMS1.9.3.05.BSP.instance=PB11
STMicroelectronics.X-CUBE-MEMS1.9.3.05.BSP.ip=GPIO
STMicroelectronics.X-CUBE-MEMS1.9.3.05.BSP.mode=Output
STMicroelectronics.X-CUBE-MEMS1.9.3.05.BSP.name=BSP LED
STMicroelectronics.X-CUBE-MEMS1.9.3.05.BSP.semaphore=
STMicroelectronics.X-CUBE-MEMS1.9.3.05.BSP.solution=PB11
STMicroelectronics.X-CUBE-MEMS1.9.3.0_SwParameter=SensorsJjSTM32IiMotionACIiLibraryJjCore\:true;BoardOoPartJjAccGyrJjLSM6DSOX\:I2C;BoardOoSupportJjCustomJjMOTIONIiSENSOR\:true;SensorsJjSTM32IiMotionFXIiLibraryJjCore\:true;MEMS1IiApplicationsCcDeviceJjApplication\:CUSTOMIiDataLogFusion;
USART1.IPParameters=VirtualMode-Asynchronous
USART1.VirtualMode-Asynchronous=VM_ASYNC
VP_CRC_VS_CRC.Mode=CRC_Activate
VP_CRC_VS_CRC.Signal=CRC_VS_CRC
VP_RTC_VS_RTC_Activate.Mode=RTC_Enabled
VP_RTC_VS_RTC_Activate.Signal=RTC_VS_RTC_Activate
VP_RTC_VS_RTC_Calendar.Mode=RTC_Calendar
VP_RTC_VS_RTC_Calendar.Signal=RTC_VS_RTC_Calendar
VP_STMicroelectronics.X-CUBE-MEMS1_VS_BoardOoPartJjAccGyr_5.4.0_9.3.0.Mode=BoardOoPartJjAccGyr
VP_STMicroelectronics.X-CUBE-MEMS1_VS_BoardOoPartJjAccGyr_5.4.0_9.3.0.Signal=STMicroelectronics.X-CUBE-MEMS1_VS_BoardOoPartJjAccGyr_5.4.0_9.3.0
VP_STMicroelectronics.X-CUBE-MEMS1_VS_BoardOoSupportJjCustom_9.3.0_9.3.0.Mode=BoardOoSupportJjCustom
VP_STMicroelectronics.X-CUBE-MEMS1_VS_BoardOoSupportJjCustom_9.3.0_9.3.0.Signal=STMicroelectronics.X-CUBE-MEMS1_VS_BoardOoSupportJjCustom_9.3.0_9.3.0
VP_STMicroelectronics.X-CUBE-MEMS1_VS_DeviceJjMEMS1IiApplications_9.3.0_9.3.0.Mode=DeviceJjMEMS1IiApplications
VP_STMicroelectronics.X-CUBE-MEMS1_VS_DeviceJjMEMS1IiApplications_9.3.0_9.3.0.Signal=STMicroelectronics.X-CUBE-MEMS1_VS_DeviceJjMEMS1IiApplications_9.3.0_9.3.0
VP_STMicroelectronics.X-CUBE-MEMS1_VS_SensorsJjSTM32IiMotionACIiLibrary_2.6.1_9.3.0.Mode=SensorsJjSTM32IiMotionACIiLibrary
VP_STMicroelectronics.X-CUBE-MEMS1_VS_SensorsJjSTM32IiMotionACIiLibrary_2.6.1_9.3.0.Signal=STMicroelectronics.X-CUBE-MEMS1_VS_SensorsJjSTM32IiMotionACIiLibrary_2.6.1_9.3.0
VP_STMicroelectronics.X-CUBE-MEMS1_VS_SensorsJjSTM32IiMotionFXIiLibrary_2.6.1_9.3.0.Mode=SensorsJjSTM32IiMotionFXIiLibrary
VP_STMicroelectronics.X-CUBE-MEMS1_VS_SensorsJjSTM32IiMotionFXIiLibrary_2.6.1_9.3.0.Signal=STMicroelectronics.X-CUBE-MEMS1_VS_SensorsJjSTM32IiMotionFXIiLibrary_2.6.1_9.3.0
VP_SYS_VS_Systick.Mode=SysTick
VP_SYS_VS_Systick.Signal=SYS_VS_Systick
VP_TIM1_VS_ClockSourceINT.Mode=Internal
VP_TIM1_VS_ClockSourceINT.Signal=TIM1_VS_ClockSourceINT
VP_TIM2_VS_ClockSourceINT.Mode=Internal
VP_TIM2_VS_ClockSourceINT.Signal=TIM2_VS_ClockSourceINT
board=NUCLEO-WL55JC2
boardIOC=true
